// !$*UTF8*$!
{
	archiveVersion = 1;
	classes = {
	};
	objectVersion = 56;
	objects = {

/* Begin PBXBuildFile section */
		C95165622C405C7C0027BDBF /* AppDelegate.swift in Sources */ = {isa = PBXBuildFile; fileRef = C95165612C405C7C0027BDBF /* AppDelegate.swift */; };
		C95165662C405C7C0027BDBF /* ViewController.swift in Sources */ = {isa = PBXBuildFile; fileRef = C95165652C405C7C0027BDBF /* ViewController.swift */; };
		C951656B2C405C7D0027BDBF /* Assets.xcassets in Resources */ = {isa = PBXBuildFile; fileRef = C951656A2C405C7D0027BDBF /* Assets.xcassets */; };
		C951656E2C405C7D0027BDBF /* LaunchScreen.storyboard in Resources */ = {isa = PBXBuildFile; fileRef = C951656C2C405C7D0027BDBF /* LaunchScreen.storyboard */; };
		C95165782C4060140027BDBF /* SampleCellA.swift in Sources */ = {isa = PBXBuildFile; fileRef = C95165772C4060140027BDBF /* SampleCellA.swift */; };
		C951657A2C40693A0027BDBF /* SampleHeader.swift in Sources */ = {isa = PBXBuildFile; fileRef = C95165792C40693A0027BDBF /* SampleHeader.swift */; };
		C951657C2C415DAF0027BDBF /* SampleCellB.swift in Sources */ = {isa = PBXBuildFile; fileRef = C951657B2C415DAF0027BDBF /* SampleCellB.swift */; };
		C951657E2C41A2870027BDBF /* SampleCellC.swift in Sources */ = {isa = PBXBuildFile; fileRef = C951657D2C41A2870027BDBF /* SampleCellC.swift */; };
		C95165802C41A79F0027BDBF /* ConfigurableCell.swift in Sources */ = {isa = PBXBuildFile; fileRef = C951657F2C41A79F0027BDBF /* ConfigurableCell.swift */; };
		C95165822C41A7CB0027BDBF /* Section.swift in Sources */ = {isa = PBXBuildFile; fileRef = C95165812C41A7CB0027BDBF /* Section.swift */; };
		C95165842C41A7E00027BDBF /* Sample.swift in Sources */ = {isa = PBXBuildFile; fileRef = C95165832C41A7E00027BDBF /* Sample.swift */; };
/* End PBXBuildFile section */

/* Begin PBXFileReference section */
		C951655E2C405C7C0027BDBF /* DiffableCollectionView.app */ = {isa = PBXFileReference; explicitFileType = wrapper.application; includeInIndex = 0; path = DiffableCollectionView.app; sourceTree = BUILT_PRODUCTS_DIR; };
		C95165612C405C7C0027BDBF /* AppDelegate.swift */ = {isa = PBXFileReference; lastKnownFileType = sourcecode.swift; path = AppDelegate.swift; sourceTree = "<group>"; };
		C95165652C405C7C0027BDBF /* ViewController.swift */ = {isa = PBXFileReference; lastKnownFileType = sourcecode.swift; path = ViewController.swift; sourceTree = "<group>"; };
		C951656A2C405C7D0027BDBF /* Assets.xcassets */ = {isa = PBXFileReference; lastKnownFileType = folder.assetcatalog; path = Assets.xcassets; sourceTree = "<group>"; };
		C951656D2C405C7D0027BDBF /* Base */ = {isa = PBXFileReference; lastKnownFileType = file.storyboard; name = Base; path = Base.lproj/LaunchScreen.storyboard; sourceTree = "<group>"; };
		C951656F2C405C7D0027BDBF /* Info.plist */ = {isa = PBXFileReference; lastKnownFileType = text.plist.xml; path = Info.plist; sourceTree = "<group>"; };
		C95165772C4060140027BDBF /* SampleCellA.swift */ = {isa = PBXFileReference; lastKnownFileType = sourcecode.swift; path = SampleCellA.swift; sourceTree = "<group>"; };
		C95165792C40693A0027BDBF /* SampleHeader.swift */ = {isa = PBXFileReference; lastKnownFileType = sourcecode.swift; path = SampleHeader.swift; sourceTree = "<group>"; };
		C951657B2C415DAF0027BDBF /* SampleCellB.swift */ = {isa = PBXFileReference; lastKnownFileType = sourcecode.swift; path = SampleCellB.swift; sourceTree = "<group>"; };
		C951657D2C41A2870027BDBF /* SampleCellC.swift */ = {isa = PBXFileReference; lastKnownFileType = sourcecode.swift; path = SampleCellC.swift; sourceTree = "<group>"; };
		C951657F2C41A79F0027BDBF /* ConfigurableCell.swift */ = {isa = PBXFileReference; lastKnownFileType = sourcecode.swift; path = ConfigurableCell.swift; sourceTree = "<group>"; };
		C95165812C41A7CB0027BDBF /* Section.swift */ = {isa = PBXFileReference; lastKnownFileType = sourcecode.swift; path = Section.swift; sourceTree = "<group>"; };
		C95165832C41A7E00027BDBF /* Sample.swift */ = {isa = PBXFileReference; lastKnownFileType = sourcecode.swift; path = Sample.swift; sourceTree = "<group>"; };
/* End PBXFileReference section */

/* Begin PBXFrameworksBuildPhase section */
		C951655B2C405C7C0027BDBF /* Frameworks */ = {
			isa = PBXFrameworksBuildPhase;
			buildActionMask = 2147483647;
			files = (
			);
			runOnlyForDeploymentPostprocessing = 0;
		};
/* End PBXFrameworksBuildPhase section */

/* Begin PBXGroup section */
		C95165552C405C7C0027BDBF = {
			isa = PBXGroup;
			children = (
				C95165602C405C7C0027BDBF /* DiffableCollectionView */,
				C951655F2C405C7C0027BDBF /* Products */,
			);
			sourceTree = "<group>";
		};
		C951655F2C405C7C0027BDBF /* Products */ = {
			isa = PBXGroup;
			children = (
				C951655E2C405C7C0027BDBF /* DiffableCollectionView.app */,
			);
			name = Products;
			sourceTree = "<group>";
		};
		C95165602C405C7C0027BDBF /* DiffableCollectionView */ = {
			isa = PBXGroup;
			children = (
				C95165612C405C7C0027BDBF /* AppDelegate.swift */,
				C95165652C405C7C0027BDBF /* ViewController.swift */,
				C95165812C41A7CB0027BDBF /* Section.swift */,
				C95165832C41A7E00027BDBF /* Sample.swift */,
				C951657F2C41A79F0027BDBF /* ConfigurableCell.swift */,
				C95165772C4060140027BDBF /* SampleCellA.swift */,
				C951657B2C415DAF0027BDBF /* SampleCellB.swift */,
				C951657D2C41A2870027BDBF /* SampleCellC.swift */,
				C95165792C40693A0027BDBF /* SampleHeader.swift */,
				C951656A2C405C7D0027BDBF /* Assets.xcassets */,
				C951656C2C405C7D0027BDBF /* LaunchScreen.storyboard */,
				C951656F2C405C7D0027BDBF /* Info.plist */,
			);
			path = DiffableCollectionView;
			sourceTree = "<group>";
		};
/* End PBXGroup section */

/* Begin PBXNativeTarget section */
		C951655D2C405C7C0027BDBF /* DiffableCollectionView */ = {
			isa = PBXNativeTarget;
			buildConfigurationList = C95165722C405C7D0027BDBF /* Build configuration list for PBXNativeTarget "DiffableCollectionView" */;
			buildPhases = (
				C951655A2C405C7C0027BDBF /* Sources */,
				C951655B2C405C7C0027BDBF /* Frameworks */,
				C951655C2C405C7C0027BDBF /* Resources */,
			);
			buildRules = (
			);
			dependencies = (
			);
			name = DiffableCollectionView;
			productName = DiffableCollectionView;
			productReference = C951655E2C405C7C0027BDBF /* DiffableCollectionView.app */;
			productType = "com.apple.product-type.application";
		};
/* End PBXNativeTarget section */

/* Begin PBXProject section */
		C95165562C405C7C0027BDBF /* Project object */ = {
			isa = PBXProject;
			attributes = {
				BuildIndependentTargetsInParallel = 1;
				LastSwiftUpdateCheck = 1520;
				LastUpgradeCheck = 1520;
				TargetAttributes = {
					C951655D2C405C7C0027BDBF = {
						CreatedOnToolsVersion = 15.2;
					};
				};
			};
			buildConfigurationList = C95165592C405C7C0027BDBF /* Build configuration list for PBXProject "DiffableCollectionView" */;
			compatibilityVersion = "Xcode 14.0";
			developmentRegion = en;
			hasScannedForEncodings = 0;
			knownRegions = (
				en,
				Base,
			);
			mainGroup = C95165552C405C7C0027BDBF;
			productRefGroup = C951655F2C405C7C0027BDBF /* Products */;
			projectDirPath = "";
			projectRoot = "";
			targets = (
				C951655D2C405C7C0027BDBF /* DiffableCollectionView */,
			);
		};
/* End PBXProject section */

/* Begin PBXResourcesBuildPhase section */
		C951655C2C405C7C0027BDBF /* Resources */ = {
			isa = PBXResourcesBuildPhase;
			buildActionMask = 2147483647;
			files = (
				C951656E2C405C7D0027BDBF /* LaunchScreen.storyboard in Resources */,
				C951656B2C405C7D0027BDBF /* Assets.xcassets in Resources */,
			);
			runOnlyForDeploymentPostprocessing = 0;
		};
/* End PBXResourcesBuildPhase section */

/* Begin PBXSourcesBuildPhase section */
		C951655A2C405C7C0027BDBF /* Sources */ = {
			isa = PBXSourcesBuildPhase;
			buildActionMask = 2147483647;
			files = (
				C951657A2C40693A0027BDBF /* SampleHeader.swift in Sources */,
				C95165842C41A7E00027BDBF /* Sample.swift in Sources */,
				C951657E2C41A2870027BDBF /* SampleCellC.swift in Sources */,
				C95165662C405C7C0027BDBF /* ViewController.swift in Sources */,
				C95165802C41A79F0027BDBF /* ConfigurableCell.swift in Sources */,
				C95165782C4060140027BDBF /* SampleCellA.swift in Sources */,
				C95165822C41A7CB0027BDBF /* Section.swift in Sources */,
				C951657C2C415DAF0027BDBF /* SampleCellB.swift in Sources */,
				C95165622C405C7C0027BDBF /* AppDelegate.swift in Sources */,
			);
			runOnlyForDeploymentPostprocessing = 0;
		};
/* End PBXSourcesBuildPhase section */

/* Begin PBXVariantGroup section */
		C951656C2C405C7D0027BDBF /* LaunchScreen.storyboard */ = {
			isa = PBXVariantGroup;
			children = (
				C951656D2C405C7D0027BDBF /* Base */,
			);
			name = LaunchScreen.storyboard;
			sourceTree = "<group>";
		};
/* End PBXVariantGroup section */

/* Begin XCBuildConfiguration section */
		C95165702C405C7D0027BDBF /* Debug */ = {
			isa = XCBuildConfiguration;
			buildSettings = {
				ALWAYS_SEARCH_USER_PATHS = NO;
				ASSETCATALOG_COMPILER_GENERATE_SWIFT_ASSET_SYMBOL_EXTENSIONS = YES;
				CLANG_ANALYZER_NONNULL = YES;
				CLANG_ANALYZER_NUMBER_OBJECT_CONVERSION = YES_AGGRESSIVE;
				CLANG_CXX_LANGUAGE_STANDARD = "gnu++20";
				CLANG_ENABLE_MODULES = YES;
				CLANG_ENABLE_OBJC_ARC = YES;
				CLANG_ENABLE_OBJC_WEAK = YES;
				CLANG_WARN_BLOCK_CAPTURE_AUTORELEASING = YES;
				CLANG_WARN_BOOL_CONVERSION = YES;
				CLANG_WARN_COMMA = YES;
				CLANG_WARN_CONSTANT_CONVERSION = YES;
				CLANG_WARN_DEPRECATED_OBJC_IMPLEMENTATIONS = YES;
				CLANG_WARN_DIRECT_OBJC_ISA_USAGE = YES_ERROR;
				CLANG_WARN_DOCUMENTATION_COMMENTS = YES;
				CLANG_WARN_EMPTY_BODY = YES;
				CLANG_WARN_ENUM_CONVERSION = YES;
				CLANG_WARN_INFINITE_RECURSION = YES;
				CLANG_WARN_INT_CONVERSION = YES;
				CLANG_WARN_NON_LITERAL_NULL_CONVERSION = YES;
				CLANG_WARN_OBJC_IMPLICIT_RETAIN_SELF = YES;
				CLANG_WARN_OBJC_LITERAL_CONVERSION = YES;
				CLANG_WARN_OBJC_ROOT_CLASS = YES_ERROR;
				CLANG_WARN_QUOTED_INCLUDE_IN_FRAMEWORK_HEADER = YES;
				CLANG_WARN_RANGE_LOOP_ANALYSIS = YES;
				CLANG_WARN_STRICT_PROTOTYPES = YES;
				CLANG_WARN_SUSPICIOUS_MOVE = YES;
				CLANG_WARN_UNGUARDED_AVAILABILITY = YES_AGGRESSIVE;
				CLANG_WARN_UNREACHABLE_CODE = YES;
				CLANG_WARN__DUPLICATE_METHOD_MATCH = YES;
				COPY_PHASE_STRIP = NO;
				DEBUG_INFORMATION_FORMAT = dwarf;
				ENABLE_STRICT_OBJC_MSGSEND = YES;
				ENABLE_TESTABILITY = YES;
				ENABLE_USER_SCRIPT_SANDBOXING = YES;
				GCC_C_LANGUAGE_STANDARD = gnu17;
				GCC_DYNAMIC_NO_PIC = NO;
				GCC_NO_COMMON_BLOCKS = YES;
				GCC_OPTIMIZATION_LEVEL = 0;
				GCC_PREPROCESSOR_DEFINITIONS = (
					"DEBUG=1",
					"$(inherited)",
				);
				GCC_WARN_64_TO_32_BIT_CONVERSION = YES;
				GCC_WARN_ABOUT_RETURN_TYPE = YES_ERROR;
				GCC_WARN_UNDECLARED_SELECTOR = YES;
				GCC_WARN_UNINITIALIZED_AUTOS = YES_AGGRESSIVE;
				GCC_WARN_UNUSED_FUNCTION = YES;
				GCC_WARN_UNUSED_VARIABLE = YES;
				IPHONEOS_DEPLOYMENT_TARGET = 17.2;
				LOCALIZATION_PREFERS_STRING_CATALOGS = YES;
				MTL_ENABLE_DEBUG_INFO = INCLUDE_SOURCE;
				MTL_FAST_MATH = YES;
				ONLY_ACTIVE_ARCH = YES;
				SDKROOT = iphoneos;
				SWIFT_ACTIVE_COMPILATION_CONDITIONS = "DEBUG $(inherited)";
				SWIFT_OPTIMIZATION_LEVEL = "-Onone";
			};
			name = Debug;
		};
		C95165712C405C7D0027BDBF /* Release */ = {
			isa = XCBuildConfiguration;
			buildSettings = {
				ALWAYS_SEARCH_USER_PATHS = NO;
				ASSETCATALOG_COMPILER_GENERATE_SWIFT_ASSET_SYMBOL_EXTENSIONS = YES;
				CLANG_ANALYZER_NONNULL = YES;
				CLANG_ANALYZER_NUMBER_OBJECT_CONVERSION = YES_AGGRESSIVE;
				CLANG_CXX_LANGUAGE_STANDARD = "gnu++20";
				CLANG_ENABLE_MODULES = YES;
				CLANG_ENABLE_OBJC_ARC = YES;
				CLANG_ENABLE_OBJC_WEAK = YES;
				CLANG_WARN_BLOCK_CAPTURE_AUTORELEASING = YES;
				CLANG_WARN_BOOL_CONVERSION = YES;
				CLANG_WARN_COMMA = YES;
				CLANG_WARN_CONSTANT_CONVERSION = YES;
				CLANG_WARN_DEPRECATED_OBJC_IMPLEMENTATIONS = YES;
				CLANG_WARN_DIRECT_OBJC_ISA_USAGE = YES_ERROR;
				CLANG_WARN_DOCUMENTATION_COMMENTS = YES;
				CLANG_WARN_EMPTY_BODY = YES;
				CLANG_WARN_ENUM_CONVERSION = YES;
				CLANG_WARN_INFINITE_RECURSION = YES;
				CLANG_WARN_INT_CONVERSION = YES;
				CLANG_WARN_NON_LITERAL_NULL_CONVERSION = YES;
				CLANG_WARN_OBJC_IMPLICIT_RETAIN_SELF = YES;
				CLANG_WARN_OBJC_LITERAL_CONVERSION = YES;
				CLANG_WARN_OBJC_ROOT_CLASS = YES_ERROR;
				CLANG_WARN_QUOTED_INCLUDE_IN_FRAMEWORK_HEADER = YES;
				CLANG_WARN_RANGE_LOOP_ANALYSIS = YES;
				CLANG_WARN_STRICT_PROTOTYPES = YES;
				CLANG_WARN_SUSPICIOUS_MOVE = YES;
				CLANG_WARN_UNGUARDED_AVAILABILITY = YES_AGGRESSIVE;
				CLANG_WARN_UNREACHABLE_CODE = YES;
				CLANG_WARN__DUPLICATE_METHOD_MATCH = YES;
				COPY_PHASE_STRIP = NO;
				DEBUG_INFORMATION_FORMAT = "dwarf-with-dsym";
				ENABLE_NS_ASSERTIONS = NO;
				ENABLE_STRICT_OBJC_MSGSEND = YES;
				ENABLE_USER_SCRIPT_SANDBOXING = YES;
				GCC_C_LANGUAGE_STANDARD = gnu17;
				GCC_NO_COMMON_BLOCKS = YES;
				GCC_WARN_64_TO_32_BIT_CONVERSION = YES;
				GCC_WARN_ABOUT_RETURN_TYPE = YES_ERROR;
				GCC_WARN_UNDECLARED_SELECTOR = YES;
				GCC_WARN_UNINITIALIZED_AUTOS = YES_AGGRESSIVE;
				GCC_WARN_UNUSED_FUNCTION = YES;
				GCC_WARN_UNUSED_VARIABLE = YES;
				IPHONEOS_DEPLOYMENT_TARGET = 17.2;
				LOCALIZATION_PREFERS_STRING_CATALOGS = YES;
				MTL_ENABLE_DEBUG_INFO = NO;
				MTL_FAST_MATH = YES;
				SDKROOT = iphoneos;
				SWIFT_COMPILATION_MODE = wholemodule;
				VALIDATE_PRODUCT = YES;
			};
			name = Release;
		};
		C95165732C405C7D0027BDBF /* Debug */ = {
			isa = XCBuildConfiguration;
			buildSettings = {
				ASSETCATALOG_COMPILER_APPICON_NAME = AppIcon;
				ASSETCATALOG_COMPILER_GLOBAL_ACCENT_COLOR_NAME = AccentColor;
				CODE_SIGN_STYLE = Automatic;
				CURRENT_PROJECT_VERSION = 1;
				GENERATE_INFOPLIST_FILE = YES;
				INFOPLIST_FILE = DiffableCollectionView/Info.plist;
				INFOPLIST_KEY_UIApplicationSupportsIndirectInputEvents = YES;
				INFOPLIST_KEY_UILaunchStoryboardName = LaunchScreen;
				INFOPLIST_KEY_UISupportedInterfaceOrientations_iPad = "UIInterfaceOrientationPortrait UIInterfaceOrientationPortraitUpsideDown UIInterfaceOrientationLandscapeLeft UIInterfaceOrientationLandscapeRight";
				INFOPLIST_KEY_UISupportedInterfaceOrientations_iPhone = "UIInterfaceOrientationPortrait UIInterfaceOrientationLandscapeLeft UIInterfaceOrientationLandscapeRight";
				LD_RUNPATH_SEARCH_PATHS = (
					"$(inherited)",
					"@executable_path/Frameworks",
				);
				MARKETING_VERSION = 1.0;
				PRODUCT_BUNDLE_IDENTIFIER = com.jocs.DiffableCollectionView;
				PRODUCT_NAME = "$(TARGET_NAME)";
				SWIFT_EMIT_LOC_STRINGS = YES;
				SWIFT_VERSION = 5.0;
				TARGETED_DEVICE_FAMILY = "1,2";
			};
			name = Debug;
		};
		C95165742C405C7D0027BDBF /* Release */ = {
			isa = XCBuildConfiguration;
			buildSettings = {
				ASSETCATALOG_COMPILER_APPICON_NAME = AppIcon;
				ASSETCATALOG_COMPILER_GLOBAL_ACCENT_COLOR_NAME = AccentColor;
				CODE_SIGN_STYLE = Automatic;
				CURRENT_PROJECT_VERSION = 1;
				GENERATE_INFOPLIST_FILE = YES;
				INFOPLIST_FILE = DiffableCollectionView/Info.plist;
				INFOPLIST_KEY_UIApplicationSupportsIndirectInputEvents = YES;
				INFOPLIST_KEY_UILaunchStoryboardName = LaunchScreen;
				INFOPLIST_KEY_UISupportedInterfaceOrientations_iPad = "UIInterfaceOrientationPortrait UIInterfaceOrientationPortraitUpsideDown UIInterfaceOrientationLandscapeLeft UIInterfaceOrientationLandscapeRight";
				INFOPLIST_KEY_UISupportedInterfaceOrientations_iPhone = "UIInterfaceOrientationPortrait UIInterfaceOrientationLandscapeLeft UIInterfaceOrientationLandscapeRight";
				LD_RUNPATH_SEARCH_PATHS = (
					"$(inherited)",
					"@executable_path/Frameworks",
				);
				MARKETING_VERSION = 1.0;
				PRODUCT_BUNDLE_IDENTIFIER = com.jocs.DiffableCollectionView;
				PRODUCT_NAME = "$(TARGET_NAME)";
				SWIFT_EMIT_LOC_STRINGS = YES;
				SWIFT_VERSION = 5.0;
				TARGETED_DEVICE_FAMILY = "1,2";
			};
			name = Release;
		};
/* End XCBuildConfiguration section */

/* Begin XCConfigurationList section */
		C95165592C405C7C0027BDBF /* Build configuration list for PBXProject "DiffableCollectionView" */ = {
			isa = XCConfigurationList;
			buildConfigurations = (
				C95165702C405C7D0027BDBF /* Debug */,
				C95165712C405C7D0027BDBF /* Release */,
			);
			defaultConfigurationIsVisible = 0;
			defaultConfigurationName = Release;
		};
		C95165722C405C7D0027BDBF /* Build configuration list for PBXNativeTarget "DiffableCollectionView" */ = {
			isa = XCConfigurationList;
			buildConfigurations = (
				C95165732C405C7D0027BDBF /* Debug */,
				C95165742C405C7D0027BDBF /* Release */,
			);
			defaultConfigurationIsVisible = 0;
			defaultConfigurationName = Release;
		};
/* End XCConfigurationList section */
	};
	rootObject = C95165562C405C7C0027BDBF /* Project object */;
}
